
Microsoft Visual Studio Solution File, Format Version 12.00
# Visual Studio Version 17
VisualStudioVersion = 17.0.31903.59
MinimumVisualStudioVersion = 10.0.40219.1
Project("{9A19103F-16F7-4668-BE54-9A1E7A4F7556}") = "GameStore0.Client", "GameStore0.Client\GameStore0.Client.csproj", "{9A2B8120-5964-458F-9239-110F5FA701EC}"
EndProject
Project("{9A19103F-16F7-4668-BE54-9A1E7A4F7556}") = "GameStore0.Console", "GameStore0.Console\GameStore0.Console.csproj", "{6E57C1C3-9CE4-4BE0-BD78-16298BC4B6AF}"
EndProject
Project("{9A19103F-16F7-4668-BE54-9A1E7A4F7556}") = "GameStore0.FileServer", "GameStore0.FileServer\GameStore0.FileServer.csproj", "{67FA97B2-D39B-49A5-AD37-3E3225A1F1F4}"
EndProject
Project("{FAE04EC0-301F-11D3-BF4B-00C04F79EFBC}") = "GameStore0.API", "GameStore0.API\GameStore0.API.csproj", "{19FE70BC-C21D-45B3-90E4-ACB862EE48E8}"
EndProject
Project("{FAE04EC0-301F-11D3-BF4B-00C04F79EFBC}") = "GameStore0.Models", "GameStore0.Models\GameStore0.Models.csproj", "{37FE5C59-7618-47A2-A6A3-313069077717}"
EndProject
Global
	GlobalSection(SolutionConfigurationPlatforms) = preSolution
		Debug|Any CPU = Debug|Any CPU
		Release|Any CPU = Release|Any CPU
	EndGlobalSection
	GlobalSection(ProjectConfigurationPlatforms) = postSolution
		{9A2B8120-5964-458F-9239-110F5FA701EC}.Debug|Any CPU.ActiveCfg = Debug|Any CPU
		{9A2B8120-5964-458F-9239-110F5FA701EC}.Debug|Any CPU.Build.0 = Debug|Any CPU
		{9A2B8120-5964-458F-9239-110F5FA701EC}.Release|Any CPU.ActiveCfg = Release|Any CPU
		{9A2B8120-5964-458F-9239-110F5FA701EC}.Release|Any CPU.Build.0 = Release|Any CPU
		{6E57C1C3-9CE4-4BE0-BD78-16298BC4B6AF}.Debug|Any CPU.ActiveCfg = Debug|Any CPU
		{6E57C1C3-9CE4-4BE0-BD78-16298BC4B6AF}.Debug|Any CPU.Build.0 = Debug|Any CPU
		{6E57C1C3-9CE4-4BE0-BD78-16298BC4B6AF}.Release|Any CPU.ActiveCfg = Release|Any CPU
		{6E57C1C3-9CE4-4BE0-BD78-16298BC4B6AF}.Release|Any CPU.Build.0 = Release|Any CPU
		{67FA97B2-D39B-49A5-AD37-3E3225A1F1F4}.Debug|Any CPU.ActiveCfg = Debug|Any CPU
		{67FA97B2-D39B-49A5-AD37-3E3225A1F1F4}.Debug|Any CPU.Build.0 = Debug|Any CPU
		{67FA97B2-D39B-49A5-AD37-3E3225A1F1F4}.Release|Any CPU.ActiveCfg = Release|Any CPU
		{67FA97B2-D39B-49A5-AD37-3E3225A1F1F4}.Release|Any CPU.Build.0 = Release|Any CPU
		{19FE70BC-C21D-45B3-90E4-ACB862EE48E8}.Debug|Any CPU.ActiveCfg = Debug|Any CPU
		{19FE70BC-C21D-45B3-90E4-ACB862EE48E8}.Debug|Any CPU.Build.0 = Debug|Any CPU
		{19FE70BC-C21D-45B3-90E4-ACB862EE48E8}.Release|Any CPU.ActiveCfg = Release|Any CPU
		{19FE70BC-C21D-45B3-90E4-ACB862EE48E8}.Release|Any CPU.Build.0 = Release|Any CPU
		{37FE5C59-7618-47A2-A6A3-313069077717}.Debug|Any CPU.ActiveCfg = Debug|Any CPU
		{37FE5C59-7618-47A2-A6A3-313069077717}.Debug|Any CPU.Build.0 = Debug|Any CPU
		{37FE5C59-7618-47A2-A6A3-313069077717}.Release|Any CPU.ActiveCfg = Release|Any CPU
		{37FE5C59-7618-47A2-A6A3-313069077717}.Release|Any CPU.Build.0 = Release|Any CPU
	EndGlobalSection
	GlobalSection(SolutionProperties) = preSolution
		HideSolutionNode = FALSE
	EndGlobalSection
	GlobalSection(ExtensibilityGlobals) = postSolution
		SolutionGuid = {285F3856-A664-4B7A-9FA0-98D4FB8D98AA}
	EndGlobalSection
EndGlobal
